
Microsoft Visual Studio Solution File, Format Version 11.00
# Visual Studio 2010
Project("{FAE04EC0-301F-11D3-BF4B-00C04F79EFBC}") = "CDGameStuff", "Assembly-CSharp.csproj", "{EF225D57-1CF5-0F00-705F-A37C862285AD}"
EndProject
Project("{FAE04EC0-301F-11D3-BF4B-00C04F79EFBC}") = "CDGameStuff", "Assembly-CSharp-Editor.csproj", "{F86D7122-D2F0-5D93-79B2-9A358DA963A6}"
EndProject
Global
	GlobalSection(SolutionConfigurationPlatforms) = preSolution
		Debug|Any CPU = Debug|Any CPU
		Release|Any CPU = Release|Any CPU
	EndGlobalSection
	GlobalSection(ProjectConfigurationPlatforms) = postSolution
		{EF225D57-1CF5-0F00-705F-A37C862285AD}.Debug|Any CPU.ActiveCfg = Debug|Any CPU
		{EF225D57-1CF5-0F00-705F-A37C862285AD}.Debug|Any CPU.Build.0 = Debug|Any CPU
		{EF225D57-1CF5-0F00-705F-A37C862285AD}.Release|Any CPU.ActiveCfg = Release|Any CPU
		{EF225D57-1CF5-0F00-705F-A37C862285AD}.Release|Any CPU.Build.0 = Release|Any CPU
		{F86D7122-D2F0-5D93-79B2-9A358DA963A6}.Debug|Any CPU.ActiveCfg = Debug|Any CPU
		{F86D7122-D2F0-5D93-79B2-9A358DA963A6}.Debug|Any CPU.Build.0 = Debug|Any CPU
		{F86D7122-D2F0-5D93-79B2-9A358DA963A6}.Release|Any CPU.ActiveCfg = Release|Any CPU
		{F86D7122-D2F0-5D93-79B2-9A358DA963A6}.Release|Any CPU.Build.0 = Release|Any CPU
	EndGlobalSection
	GlobalSection(SolutionProperties) = preSolution
		HideSolutionNode = FALSE
	EndGlobalSection
	GlobalSection(MonoDevelopProperties) = preSolution
		StartupItem = Assembly-CSharp.csproj
	EndGlobalSection
EndGlobal
